// !$*UTF8*$!
{
	archiveVersion = 1;
	classes = {
	};
	objectVersion = 48;
	objects = {

/* Begin PBXBuildFile section */
		6679B6721FFE42F20033F05F /* AppDelegate.m in Sources */ = {isa = PBXBuildFile; fileRef = 6679B6711FFE42F20033F05F /* AppDelegate.m */; };
		6679B6751FFE42F20033F05F /* ViewController.m in Sources */ = {isa = PBXBuildFile; fileRef = 6679B6741FFE42F20033F05F /* ViewController.m */; };
		6679B6781FFE42F20033F05F /* Main.storyboard in Resources */ = {isa = PBXBuildFile; fileRef = 6679B6761FFE42F20033F05F /* Main.storyboard */; };
		6679B67A1FFE42F20033F05F /* Assets.xcassets in Resources */ = {isa = PBXBuildFile; fileRef = 6679B6791FFE42F20033F05F /* Assets.xcassets */; };
		6679B67D1FFE42F20033F05F /* LaunchScreen.storyboard in Resources */ = {isa = PBXBuildFile; fileRef = 6679B67B1FFE42F20033F05F /* LaunchScreen.storyboard */; };
		6679B6801FFE42F20033F05F /* main.m in Sources */ = {isa = PBXBuildFile; fileRef = 6679B67F1FFE42F20033F05F /* main.m */; };
		DB4D9AB5200DFBCD007C6259 /* kobe.jpg in Resources */ = {isa = PBXBuildFile; fileRef = DB4D9AB4200DFBCD007C6259 /* kobe.jpg */; };
		DB687E3920034892007A7D4E /* SMHelloWorld.m in Sources */ = {isa = PBXBuildFile; fileRef = DB687E3820034892007A7D4E /* SMHelloWorld.m */; };
		DB687E3C20034D26007A7D4E /* SMTwoTriangles.m in Sources */ = {isa = PBXBuildFile; fileRef = DB687E3B20034D26007A7D4E /* SMTwoTriangles.m */; };
		DB687E3E20034F2A007A7D4E /* SMVertice.vsh in Resources */ = {isa = PBXBuildFile; fileRef = DB687E3D20034F2A007A7D4E /* SMVertice.vsh */; };
		DB687E4020034F57007A7D4E /* SMFragment.fsh in Resources */ = {isa = PBXBuildFile; fileRef = DB687E3F20034F57007A7D4E /* SMFragment.fsh */; };
		DB7AEA57200DA74B007BBE6B /* SMShaderCompiler.m in Sources */ = {isa = PBXBuildFile; fileRef = DB7AEA56200DA74B007BBE6B /* SMShaderCompiler.m */; };
		DB7AEA5B200DB09B007BBE6B /* SMLearnTextureVC.m in Sources */ = {isa = PBXBuildFile; fileRef = DB7AEA5A200DB09B007BBE6B /* SMLearnTextureVC.m */; };
		DB7AEA5D200DD5AC007BBE6B /* SMTexture.vsh in Resources */ = {isa = PBXBuildFile; fileRef = DB7AEA5C200DD5AC007BBE6B /* SMTexture.vsh */; };
		DB7AEA5F200DD5BD007BBE6B /* SMTexture.fsh in Resources */ = {isa = PBXBuildFile; fileRef = DB7AEA5E200DD5BD007BBE6B /* SMTexture.fsh */; };
		DB82D58A200C524B00440D22 /* SMUniform.fsh in Resources */ = {isa = PBXBuildFile; fileRef = DB82D589200C524B00440D22 /* SMUniform.fsh */; };
		DB82D58C200C55C100440D22 /* SMLearnShader.vsh in Resources */ = {isa = PBXBuildFile; fileRef = DB82D58B200C55C100440D22 /* SMLearnShader.vsh */; };
		DB82D58E200C55D100440D22 /* SMLearnShader.fsh in Resources */ = {isa = PBXBuildFile; fileRef = DB82D58D200C55D100440D22 /* SMLearnShader.fsh */; };
		DB82D592200C56FB00440D22 /* SMLearnShaderVC.m in Sources */ = {isa = PBXBuildFile; fileRef = DB82D591200C56FB00440D22 /* SMLearnShaderVC.m */; };
/* End PBXBuildFile section */

/* Begin PBXFileReference section */
		6679B66D1FFE42F20033F05F /* LearnOpenGL_HelloWorld.app */ = {isa = PBXFileReference; explicitFileType = wrapper.application; includeInIndex = 0; path = LearnOpenGL_HelloWorld.app; sourceTree = BUILT_PRODUCTS_DIR; };
		6679B6701FFE42F20033F05F /* AppDelegate.h */ = {isa = PBXFileReference; lastKnownFileType = sourcecode.c.h; path = AppDelegate.h; sourceTree = "<group>"; };
		6679B6711FFE42F20033F05F /* AppDelegate.m */ = {isa = PBXFileReference; lastKnownFileType = sourcecode.c.objc; path = AppDelegate.m; sourceTree = "<group>"; };
		6679B6731FFE42F20033F05F /* ViewController.h */ = {isa = PBXFileReference; lastKnownFileType = sourcecode.c.h; path = ViewController.h; sourceTree = "<group>"; };
		6679B6741FFE42F20033F05F /* ViewController.m */ = {isa = PBXFileReference; lastKnownFileType = sourcecode.c.objc; path = ViewController.m; sourceTree = "<group>"; };
		6679B6771FFE42F20033F05F /* Base */ = {isa = PBXFileReference; lastKnownFileType = file.storyboard; name = Base; path = Base.lproj/Main.storyboard; sourceTree = "<group>"; };
		6679B6791FFE42F20033F05F /* Assets.xcassets */ = {isa = PBXFileReference; lastKnownFileType = folder.assetcatalog; path = Assets.xcassets; sourceTree = "<group>"; };
		6679B67C1FFE42F20033F05F /* Base */ = {isa = PBXFileReference; lastKnownFileType = file.storyboard; name = Base; path = Base.lproj/LaunchScreen.storyboard; sourceTree = "<group>"; };
		6679B67E1FFE42F20033F05F /* Info.plist */ = {isa = PBXFileReference; lastKnownFileType = text.plist.xml; path = Info.plist; sourceTree = "<group>"; };
		6679B67F1FFE42F20033F05F /* main.m */ = {isa = PBXFileReference; lastKnownFileType = sourcecode.c.objc; path = main.m; sourceTree = "<group>"; };
		6679B6871FFE430F0033F05F /* OpenGLES.framework */ = {isa = PBXFileReference; lastKnownFileType = wrapper.framework; name = OpenGLES.framework; path = System/Library/Frameworks/OpenGLES.framework; sourceTree = SDKROOT; };
		DB4D9AB4200DFBCD007C6259 /* kobe.jpg */ = {isa = PBXFileReference; lastKnownFileType = image.jpeg; path = kobe.jpg; sourceTree = "<group>"; };
		DB687E3720034892007A7D4E /* SMHelloWorld.h */ = {isa = PBXFileReference; lastKnownFileType = sourcecode.c.h; path = SMHelloWorld.h; sourceTree = "<group>"; };
		DB687E3820034892007A7D4E /* SMHelloWorld.m */ = {isa = PBXFileReference; lastKnownFileType = sourcecode.c.objc; path = SMHelloWorld.m; sourceTree = "<group>"; };
		DB687E3A20034D26007A7D4E /* SMTwoTriangles.h */ = {isa = PBXFileReference; lastKnownFileType = sourcecode.c.h; path = SMTwoTriangles.h; sourceTree = "<group>"; };
		DB687E3B20034D26007A7D4E /* SMTwoTriangles.m */ = {isa = PBXFileReference; lastKnownFileType = sourcecode.c.objc; path = SMTwoTriangles.m; sourceTree = "<group>"; };
		DB687E3D20034F2A007A7D4E /* SMVertice.vsh */ = {isa = PBXFileReference; lastKnownFileType = sourcecode.glsl; path = SMVertice.vsh; sourceTree = "<group>"; };
		DB687E3F20034F57007A7D4E /* SMFragment.fsh */ = {isa = PBXFileReference; lastKnownFileType = sourcecode.glsl; path = SMFragment.fsh; sourceTree = "<group>"; };
		DB7AEA55200DA74B007BBE6B /* SMShaderCompiler.h */ = {isa = PBXFileReference; lastKnownFileType = sourcecode.c.h; path = SMShaderCompiler.h; sourceTree = "<group>"; };
		DB7AEA56200DA74B007BBE6B /* SMShaderCompiler.m */ = {isa = PBXFileReference; lastKnownFileType = sourcecode.c.objc; path = SMShaderCompiler.m; sourceTree = "<group>"; };
		DB7AEA59200DB09B007BBE6B /* SMLearnTextureVC.h */ = {isa = PBXFileReference; lastKnownFileType = sourcecode.c.h; path = SMLearnTextureVC.h; sourceTree = "<group>"; };
		DB7AEA5A200DB09B007BBE6B /* SMLearnTextureVC.m */ = {isa = PBXFileReference; lastKnownFileType = sourcecode.c.objc; path = SMLearnTextureVC.m; sourceTree = "<group>"; };
		DB7AEA5C200DD5AC007BBE6B /* SMTexture.vsh */ = {isa = PBXFileReference; lastKnownFileType = sourcecode.glsl; path = SMTexture.vsh; sourceTree = "<group>"; };
		DB7AEA5E200DD5BD007BBE6B /* SMTexture.fsh */ = {isa = PBXFileReference; lastKnownFileType = sourcecode.glsl; path = SMTexture.fsh; sourceTree = "<group>"; };
		DB82D589200C524B00440D22 /* SMUniform.fsh */ = {isa = PBXFileReference; lastKnownFileType = sourcecode.glsl; path = SMUniform.fsh; sourceTree = "<group>"; };
		DB82D58B200C55C100440D22 /* SMLearnShader.vsh */ = {isa = PBXFileReference; lastKnownFileType = sourcecode.glsl; path = SMLearnShader.vsh; sourceTree = "<group>"; };
		DB82D58D200C55D100440D22 /* SMLearnShader.fsh */ = {isa = PBXFileReference; lastKnownFileType = sourcecode.glsl; path = SMLearnShader.fsh; sourceTree = "<group>"; };
		DB82D590200C56FB00440D22 /* SMLearnShaderVC.h */ = {isa = PBXFileReference; lastKnownFileType = sourcecode.c.h; path = SMLearnShaderVC.h; sourceTree = "<group>"; };
		DB82D591200C56FB00440D22 /* SMLearnShaderVC.m */ = {isa = PBXFileReference; lastKnownFileType = sourcecode.c.objc; path = SMLearnShaderVC.m; sourceTree = "<group>"; };
/* End PBXFileReference section */

/* Begin PBXFrameworksBuildPhase section */
		6679B66A1FFE42F20033F05F /* Frameworks */ = {
			isa = PBXFrameworksBuildPhase;
			buildActionMask = 2147483647;
			files = (
			);
			runOnlyForDeploymentPostprocessing = 0;
		};
/* End PBXFrameworksBuildPhase section */

/* Begin PBXGroup section */
		6679B6641FFE42F20033F05F = {
			isa = PBXGroup;
			children = (
				6679B66F1FFE42F20033F05F /* LearnOpenGL_HelloWorld */,
				6679B66E1FFE42F20033F05F /* Products */,
				6679B6861FFE430F0033F05F /* Frameworks */,
			);
			sourceTree = "<group>";
		};
		6679B66E1FFE42F20033F05F /* Products */ = {
			isa = PBXGroup;
			children = (
				6679B66D1FFE42F20033F05F /* LearnOpenGL_HelloWorld.app */,
			);
			name = Products;
			sourceTree = "<group>";
		};
		6679B66F1FFE42F20033F05F /* LearnOpenGL_HelloWorld */ = {
			isa = PBXGroup;
			children = (
				DB4D9AB3200DFBBD007C6259 /* Resource */,
				DB7AEA54200DA725007BBE6B /* ShaderCompiler */,
				DB82D587200C4D6C00440D22 /* VerticeShaders */,
				DB82D588200C4D8B00440D22 /* FragmentShaders */,
				DB82D585200C4D4200440D22 /* HelloWorld */,
				DB82D586200C4D5400440D22 /* TwoTriangles */,
				DB82D58F200C56CB00440D22 /* LearnShaders */,
				DB7AEA58200DB077007BBE6B /* Texture */,
				6679B6701FFE42F20033F05F /* AppDelegate.h */,
				6679B6711FFE42F20033F05F /* AppDelegate.m */,
				6679B6731FFE42F20033F05F /* ViewController.h */,
				6679B6741FFE42F20033F05F /* ViewController.m */,
				6679B6761FFE42F20033F05F /* Main.storyboard */,
				6679B6791FFE42F20033F05F /* Assets.xcassets */,
				6679B67B1FFE42F20033F05F /* LaunchScreen.storyboard */,
				6679B67E1FFE42F20033F05F /* Info.plist */,
				6679B67F1FFE42F20033F05F /* main.m */,
			);
			path = LearnOpenGL_HelloWorld;
			sourceTree = "<group>";
		};
		6679B6861FFE430F0033F05F /* Frameworks */ = {
			isa = PBXGroup;
			children = (
				6679B6871FFE430F0033F05F /* OpenGLES.framework */,
			);
			name = Frameworks;
			sourceTree = "<group>";
		};
		DB4D9AB3200DFBBD007C6259 /* Resource */ = {
			isa = PBXGroup;
			children = (
				DB4D9AB4200DFBCD007C6259 /* kobe.jpg */,
			);
			path = Resource;
			sourceTree = "<group>";
		};
		DB7AEA54200DA725007BBE6B /* ShaderCompiler */ = {
			isa = PBXGroup;
			children = (
				DB7AEA55200DA74B007BBE6B /* SMShaderCompiler.h */,
				DB7AEA56200DA74B007BBE6B /* SMShaderCompiler.m */,
			);
			path = ShaderCompiler;
			sourceTree = "<group>";
		};
		DB7AEA58200DB077007BBE6B /* Texture */ = {
			isa = PBXGroup;
			children = (
				DB7AEA59200DB09B007BBE6B /* SMLearnTextureVC.h */,
				DB7AEA5A200DB09B007BBE6B /* SMLearnTextureVC.m */,
			);
			path = Texture;
			sourceTree = "<group>";
		};
		DB82D585200C4D4200440D22 /* HelloWorld */ = {
			isa = PBXGroup;
			children = (
				DB687E3720034892007A7D4E /* SMHelloWorld.h */,
				DB687E3820034892007A7D4E /* SMHelloWorld.m */,
			);
			path = HelloWorld;
			sourceTree = "<group>";
		};
		DB82D586200C4D5400440D22 /* TwoTriangles */ = {
			isa = PBXGroup;
			children = (
				DB687E3A20034D26007A7D4E /* SMTwoTriangles.h */,
				DB687E3B20034D26007A7D4E /* SMTwoTriangles.m */,
			);
			path = TwoTriangles;
			sourceTree = "<group>";
		};
		DB82D587200C4D6C00440D22 /* VerticeShaders */ = {
			isa = PBXGroup;
			children = (
				DB687E3D20034F2A007A7D4E /* SMVertice.vsh */,
				DB82D58B200C55C100440D22 /* SMLearnShader.vsh */,
				DB7AEA5C200DD5AC007BBE6B /* SMTexture.vsh */,
			);
			path = VerticeShaders;
			sourceTree = "<group>";
		};
		DB82D588200C4D8B00440D22 /* FragmentShaders */ = {
			isa = PBXGroup;
			children = (
				DB687E3F20034F57007A7D4E /* SMFragment.fsh */,
				DB82D589200C524B00440D22 /* SMUniform.fsh */,
				DB82D58D200C55D100440D22 /* SMLearnShader.fsh */,
				DB7AEA5E200DD5BD007BBE6B /* SMTexture.fsh */,
			);
			path = FragmentShaders;
			sourceTree = "<group>";
		};
		DB82D58F200C56CB00440D22 /* LearnShaders */ = {
			isa = PBXGroup;
			children = (
				DB82D590200C56FB00440D22 /* SMLearnShaderVC.h */,
				DB82D591200C56FB00440D22 /* SMLearnShaderVC.m */,
			);
			path = LearnShaders;
			sourceTree = "<group>";
		};
/* End PBXGroup section */

/* Begin PBXNativeTarget section */
		6679B66C1FFE42F20033F05F /* LearnOpenGL_HelloWorld */ = {
			isa = PBXNativeTarget;
			buildConfigurationList = 6679B6831FFE42F20033F05F /* Build configuration list for PBXNativeTarget "LearnOpenGL_HelloWorld" */;
			buildPhases = (
				6679B6691FFE42F20033F05F /* Sources */,
				6679B66A1FFE42F20033F05F /* Frameworks */,
				6679B66B1FFE42F20033F05F /* Resources */,
			);
			buildRules = (
			);
			dependencies = (
			);
			name = LearnOpenGL_HelloWorld;
			productName = LearnOpenGL_HelloWorld;
			productReference = 6679B66D1FFE42F20033F05F /* LearnOpenGL_HelloWorld.app */;
			productType = "com.apple.product-type.application";
		};
/* End PBXNativeTarget section */

/* Begin PBXProject section */
		6679B6651FFE42F20033F05F /* Project object */ = {
			isa = PBXProject;
			attributes = {
				CLASSPREFIX = SM;
				LastUpgradeCheck = 0910;
				ORGANIZATIONNAME = Samueler;
				TargetAttributes = {
					6679B66C1FFE42F20033F05F = {
						CreatedOnToolsVersion = 9.1;
						ProvisioningStyle = Automatic;
					};
				};
			};
			buildConfigurationList = 6679B6681FFE42F20033F05F /* Build configuration list for PBXProject "LearnOpenGL_HelloWorld" */;
			compatibilityVersion = "Xcode 8.0";
			developmentRegion = en;
			hasScannedForEncodings = 0;
			knownRegions = (
				en,
				Base,
			);
			mainGroup = 6679B6641FFE42F20033F05F;
			productRefGroup = 6679B66E1FFE42F20033F05F /* Products */;
			projectDirPath = "";
			projectRoot = "";
			targets = (
				6679B66C1FFE42F20033F05F /* LearnOpenGL_HelloWorld */,
			);
		};
/* End PBXProject section */

/* Begin PBXResourcesBuildPhase section */
		6679B66B1FFE42F20033F05F /* Resources */ = {
			isa = PBXResourcesBuildPhase;
			buildActionMask = 2147483647;
			files = (
				6679B67D1FFE42F20033F05F /* LaunchScreen.storyboard in Resources */,
				DB82D58E200C55D100440D22 /* SMLearnShader.fsh in Resources */,
				DB82D58C200C55C100440D22 /* SMLearnShader.vsh in Resources */,
				6679B67A1FFE42F20033F05F /* Assets.xcassets in Resources */,
				DB4D9AB5200DFBCD007C6259 /* kobe.jpg in Resources */,
				DB687E3E20034F2A007A7D4E /* SMVertice.vsh in Resources */,
				6679B6781FFE42F20033F05F /* Main.storyboard in Resources */,
				DB82D58A200C524B00440D22 /* SMUniform.fsh in Resources */,
				DB7AEA5F200DD5BD007BBE6B /* SMTexture.fsh in Resources */,
				DB7AEA5D200DD5AC007BBE6B /* SMTexture.vsh in Resources */,
				DB687E4020034F57007A7D4E /* SMFragment.fsh in Resources */,
			);
			runOnlyForDeploymentPostprocessing = 0;
		};
/* End PBXResourcesBuildPhase section */

/* Begin PBXSourcesBuildPhase section */
		6679B6691FFE42F20033F05F /* Sources */ = {
			isa = PBXSourcesBuildPhase;
			buildActionMask = 2147483647;
			files = (
				6679B6751FFE42F20033F05F /* ViewController.m in Sources */,
				DB7AEA5B200DB09B007BBE6B /* SMLearnTextureVC.m in Sources */,
				DB687E3920034892007A7D4E /* SMHelloWorld.m in Sources */,
				DB82D592200C56FB00440D22 /* SMLearnShaderVC.m in Sources */,
				DB7AEA57200DA74B007BBE6B /* SMShaderCompiler.m in Sources */,
				6679B6801FFE42F20033F05F /* main.m in Sources */,
				6679B6721FFE42F20033F05F /* AppDelegate.m in Sources */,
				DB687E3C20034D26007A7D4E /* SMTwoTriangles.m in Sources */,
			);
			runOnlyForDeploymentPostprocessing = 0;
		};
/* End PBXSourcesBuildPhase section */

/* Begin PBXVariantGroup section */
		6679B6761FFE42F20033F05F /* Main.storyboard */ = {
			isa = PBXVariantGroup;
			children = (
				6679B6771FFE42F20033F05F /* Base */,
			);
			name = Main.storyboard;
			sourceTree = "<group>";
		};
		6679B67B1FFE42F20033F05F /* LaunchScreen.storyboard */ = {
			isa = PBXVariantGroup;
			children = (
				6679B67C1FFE42F20033F05F /* Base */,
			);
			name = LaunchScreen.storyboard;
			sourceTree = "<group>";
		};
/* End PBXVariantGroup section */

/* Begin XCBuildConfiguration section */
		6679B6811FFE42F20033F05F /* Debug */ = {
			isa = XCBuildConfiguration;
			buildSettings = {
				ALWAYS_SEARCH_USER_PATHS = NO;
				CLANG_ANALYZER_NONNULL = YES;
				CLANG_ANALYZER_NUMBER_OBJECT_CONVERSION = YES_AGGRESSIVE;
				CLANG_CXX_LANGUAGE_STANDARD = "gnu++14";
				CLANG_CXX_LIBRARY = "libc++";
				CLANG_ENABLE_MODULES = YES;
				CLANG_ENABLE_OBJC_ARC = YES;
				CLANG_WARN_BLOCK_CAPTURE_AUTORELEASING = YES;
				CLANG_WARN_BOOL_CONVERSION = YES;
				CLANG_WARN_COMMA = YES;
				CLANG_WARN_CONSTANT_CONVERSION = YES;
				CLANG_WARN_DIRECT_OBJC_ISA_USAGE = YES_ERROR;
				CLANG_WARN_DOCUMENTATION_COMMENTS = YES;
				CLANG_WARN_EMPTY_BODY = YES;
				CLANG_WARN_ENUM_CONVERSION = YES;
				CLANG_WARN_INFINITE_RECURSION = YES;
				CLANG_WARN_INT_CONVERSION = YES;
				CLANG_WARN_NON_LITERAL_NULL_CONVERSION = YES;
				CLANG_WARN_OBJC_LITERAL_CONVERSION = YES;
				CLANG_WARN_OBJC_ROOT_CLASS = YES_ERROR;
				CLANG_WARN_RANGE_LOOP_ANALYSIS = YES;
				CLANG_WARN_STRICT_PROTOTYPES = YES;
				CLANG_WARN_SUSPICIOUS_MOVE = YES;
				CLANG_WARN_UNGUARDED_AVAILABILITY = YES_AGGRESSIVE;
				CLANG_WARN_UNREACHABLE_CODE = YES;
				CLANG_WARN__DUPLICATE_METHOD_MATCH = YES;
				CODE_SIGN_IDENTITY = "iPhone Developer";
				COPY_PHASE_STRIP = NO;
				DEBUG_INFORMATION_FORMAT = dwarf;
				ENABLE_STRICT_OBJC_MSGSEND = YES;
				ENABLE_TESTABILITY = YES;
				GCC_C_LANGUAGE_STANDARD = gnu11;
				GCC_DYNAMIC_NO_PIC = NO;
				GCC_NO_COMMON_BLOCKS = YES;
				GCC_OPTIMIZATION_LEVEL = 0;
				GCC_PREPROCESSOR_DEFINITIONS = (
					"DEBUG=1",
					"$(inherited)",
				);
				GCC_WARN_64_TO_32_BIT_CONVERSION = YES;
				GCC_WARN_ABOUT_RETURN_TYPE = YES_ERROR;
				GCC_WARN_UNDECLARED_SELECTOR = YES;
				GCC_WARN_UNINITIALIZED_AUTOS = YES_AGGRESSIVE;
				GCC_WARN_UNUSED_FUNCTION = YES;
				GCC_WARN_UNUSED_VARIABLE = YES;
				IPHONEOS_DEPLOYMENT_TARGET = 9.0;
				MTL_ENABLE_DEBUG_INFO = YES;
				ONLY_ACTIVE_ARCH = YES;
				SDKROOT = iphoneos;
			};
			name = Debug;
		};
		6679B6821FFE42F20033F05F /* Release */ = {
			isa = XCBuildConfiguration;
			buildSettings = {
				ALWAYS_SEARCH_USER_PATHS = NO;
				CLANG_ANALYZER_NONNULL = YES;
				CLANG_ANALYZER_NUMBER_OBJECT_CONVERSION = YES_AGGRESSIVE;
				CLANG_CXX_LANGUAGE_STANDARD = "gnu++14";
				CLANG_CXX_LIBRARY = "libc++";
				CLANG_ENABLE_MODULES = YES;
				CLANG_ENABLE_OBJC_ARC = YES;
				CLANG_WARN_BLOCK_CAPTURE_AUTORELEASING = YES;
				CLANG_WARN_BOOL_CONVERSION = YES;
				CLANG_WARN_COMMA = YES;
				CLANG_WARN_CONSTANT_CONVERSION = YES;
				CLANG_WARN_DIRECT_OBJC_ISA_USAGE = YES_ERROR;
				CLANG_WARN_DOCUMENTATION_COMMENTS = YES;
				CLANG_WARN_EMPTY_BODY = YES;
				CLANG_WARN_ENUM_CONVERSION = YES;
				CLANG_WARN_INFINITE_RECURSION = YES;
				CLANG_WARN_INT_CONVERSION = YES;
				CLANG_WARN_NON_LITERAL_NULL_CONVERSION = YES;
				CLANG_WARN_OBJC_LITERAL_CONVERSION = YES;
				CLANG_WARN_OBJC_ROOT_CLASS = YES_ERROR;
				CLANG_WARN_RANGE_LOOP_ANALYSIS = YES;
				CLANG_WARN_STRICT_PROTOTYPES = YES;
				CLANG_WARN_SUSPICIOUS_MOVE = YES;
				CLANG_WARN_UNGUARDED_AVAILABILITY = YES_AGGRESSIVE;
				CLANG_WARN_UNREACHABLE_CODE = YES;
				CLANG_WARN__DUPLICATE_METHOD_MATCH = YES;
				CODE_SIGN_IDENTITY = "iPhone Developer";
				COPY_PHASE_STRIP = NO;
				DEBUG_INFORMATION_FORMAT = "dwarf-with-dsym";
				ENABLE_NS_ASSERTIONS = NO;
				ENABLE_STRICT_OBJC_MSGSEND = YES;
				GCC_C_LANGUAGE_STANDARD = gnu11;
				GCC_NO_COMMON_BLOCKS = YES;
				GCC_WARN_64_TO_32_BIT_CONVERSION = YES;
				GCC_WARN_ABOUT_RETURN_TYPE = YES_ERROR;
				GCC_WARN_UNDECLARED_SELECTOR = YES;
				GCC_WARN_UNINITIALIZED_AUTOS = YES_AGGRESSIVE;
				GCC_WARN_UNUSED_FUNCTION = YES;
				GCC_WARN_UNUSED_VARIABLE = YES;
				IPHONEOS_DEPLOYMENT_TARGET = 9.0;
				MTL_ENABLE_DEBUG_INFO = NO;
				SDKROOT = iphoneos;
				VALIDATE_PRODUCT = YES;
			};
			name = Release;
		};
		6679B6841FFE42F20033F05F /* Debug */ = {
			isa = XCBuildConfiguration;
			buildSettings = {
				ASSETCATALOG_COMPILER_APPICON_NAME = AppIcon;
				CODE_SIGN_STYLE = Automatic;
				DEVELOPMENT_TEAM = 94M6N7L4MK;
				INFOPLIST_FILE = LearnOpenGL_HelloWorld/Info.plist;
				LD_RUNPATH_SEARCH_PATHS = "$(inherited) @executable_path/Frameworks";
				PRODUCT_BUNDLE_IDENTIFIER = "Samueler.LearnOpenGL-HelloWorld";
				PRODUCT_NAME = "$(TARGET_NAME)";
				TARGETED_DEVICE_FAMILY = "1,2";
			};
			name = Debug;
		};
		6679B6851FFE42F20033F05F /* Release */ = {
			isa = XCBuildConfiguration;
			buildSettings = {
				ASSETCATALOG_COMPILER_APPICON_NAME = AppIcon;
				CODE_SIGN_STYLE = Automatic;
				DEVELOPMENT_TEAM = 94M6N7L4MK;
				INFOPLIST_FILE = LearnOpenGL_HelloWorld/Info.plist;
				LD_RUNPATH_SEARCH_PATHS = "$(inherited) @executable_path/Frameworks";
				PRODUCT_BUNDLE_IDENTIFIER = "Samueler.LearnOpenGL-HelloWorld";
				PRODUCT_NAME = "$(TARGET_NAME)";
				TARGETED_DEVICE_FAMILY = "1,2";
			};
			name = Release;
		};
/* End XCBuildConfiguration section */

/* Begin XCConfigurationList section */
		6679B6681FFE42F20033F05F /* Build configuration list for PBXProject "LearnOpenGL_HelloWorld" */ = {
			isa = XCConfigurationList;
			buildConfigurations = (
				6679B6811FFE42F20033F05F /* Debug */,
				6679B6821FFE42F20033F05F /* Release */,
			);
			defaultConfigurationIsVisible = 0;
			defaultConfigurationName = Release;
		};
		6679B6831FFE42F20033F05F /* Build configuration list for PBXNativeTarget "LearnOpenGL_HelloWorld" */ = {
			isa = XCConfigurationList;
			buildConfigurations = (
				6679B6841FFE42F20033F05F /* Debug */,
				6679B6851FFE42F20033F05F /* Release */,
			);
			defaultConfigurationIsVisible = 0;
			defaultConfigurationName = Release;
		};
/* End XCConfigurationList section */
	};
	rootObject = 6679B6651FFE42F20033F05F /* Project object */;
}
